// !$*UTF8*$!
{
	archiveVersion = 1;
	classes = {
	};
	objectVersion = 46;
	objects = {

/* Begin PBXBuildFile section */
		637C4EC11CDD1EB400787E88 /* AppDelegate.swift in Sources */ = {isa = PBXBuildFile; fileRef = 637C4EC01CDD1EB400787E88 /* AppDelegate.swift */; };
		637C4EC31CDD1EB400787E88 /* ViewController.swift in Sources */ = {isa = PBXBuildFile; fileRef = 637C4EC21CDD1EB400787E88 /* ViewController.swift */; };
		637C4EC61CDD1EB400787E88 /* Main.storyboard in Resources */ = {isa = PBXBuildFile; fileRef = 637C4EC41CDD1EB400787E88 /* Main.storyboard */; };
		637C4EC91CDD1EB400787E88 /* AudioPLayer.xcdatamodeld in Sources */ = {isa = PBXBuildFile; fileRef = 637C4EC71CDD1EB400787E88 /* AudioPLayer.xcdatamodeld */; };
		637C4ECB1CDD1EB400787E88 /* Assets.xcassets in Resources */ = {isa = PBXBuildFile; fileRef = 637C4ECA1CDD1EB400787E88 /* Assets.xcassets */; };
		637C4ECE1CDD1EB400787E88 /* LaunchScreen.storyboard in Resources */ = {isa = PBXBuildFile; fileRef = 637C4ECC1CDD1EB400787E88 /* LaunchScreen.storyboard */; };
/* End PBXBuildFile section */

/* Begin PBXFileReference section */
		637C4EBD1CDD1EB300787E88 /* AudioPLayer.app */ = {isa = PBXFileReference; explicitFileType = wrapper.application; includeInIndex = 0; path = AudioPLayer.app; sourceTree = BUILT_PRODUCTS_DIR; };
		637C4EC01CDD1EB400787E88 /* AppDelegate.swift */ = {isa = PBXFileReference; lastKnownFileType = sourcecode.swift; path = AppDelegate.swift; sourceTree = "<group>"; };
		637C4EC21CDD1EB400787E88 /* ViewController.swift */ = {isa = PBXFileReference; lastKnownFileType = sourcecode.swift; path = ViewController.swift; sourceTree = "<group>"; };
		637C4EC51CDD1EB400787E88 /* Base */ = {isa = PBXFileReference; lastKnownFileType = file.storyboard; name = Base; path = Base.lproj/Main.storyboard; sourceTree = "<group>"; };
		637C4EC81CDD1EB400787E88 /* AudioPLayer.xcdatamodel */ = {isa = PBXFileReference; lastKnownFileType = wrapper.xcdatamodel; path = AudioPLayer.xcdatamodel; sourceTree = "<group>"; };
		637C4ECA1CDD1EB400787E88 /* Assets.xcassets */ = {isa = PBXFileReference; lastKnownFileType = folder.assetcatalog; path = Assets.xcassets; sourceTree = "<group>"; };
		637C4ECD1CDD1EB400787E88 /* Base */ = {isa = PBXFileReference; lastKnownFileType = file.storyboard; name = Base; path = Base.lproj/LaunchScreen.storyboard; sourceTree = "<group>"; };
		637C4ECF1CDD1EB400787E88 /* Info.plist */ = {isa = PBXFileReference; lastKnownFileType = text.plist.xml; path = Info.plist; sourceTree = "<group>"; };
/* End PBXFileReference section */

/* Begin PBXFrameworksBuildPhase section */
		637C4EBA1CDD1EB300787E88 /* Frameworks */ = {
			isa = PBXFrameworksBuildPhase;
			buildActionMask = 2147483647;
			files = (
			);
			runOnlyForDeploymentPostprocessing = 0;
		};
/* End PBXFrameworksBuildPhase section */

/* Begin PBXGroup section */
		637C4EB41CDD1EB300787E88 = {
			isa = PBXGroup;
			children = (
				637C4EBF1CDD1EB400787E88 /* AudioPLayer */,
				637C4EBE1CDD1EB300787E88 /* Products */,
			);
			sourceTree = "<group>";
		};
		637C4EBE1CDD1EB300787E88 /* Products */ = {
			isa = PBXGroup;
			children = (
				637C4EBD1CDD1EB300787E88 /* AudioPLayer.app */,
			);
			name = Products;
			sourceTree = "<group>";
		};
		637C4EBF1CDD1EB400787E88 /* AudioPLayer */ = {
			isa = PBXGroup;
			children = (
				637C4EC01CDD1EB400787E88 /* AppDelegate.swift */,
				637C4EC21CDD1EB400787E88 /* ViewController.swift */,
				637C4EC41CDD1EB400787E88 /* Main.storyboard */,
				637C4ECA1CDD1EB400787E88 /* Assets.xcassets */,
				637C4ECC1CDD1EB400787E88 /* LaunchScreen.storyboard */,
				637C4ECF1CDD1EB400787E88 /* Info.plist */,
				637C4EC71CDD1EB400787E88 /* AudioPLayer.xcdatamodeld */,
			);
			path = AudioPLayer;
			sourceTree = "<group>";
		};
/* End PBXGroup section */

/* Begin PBXNativeTarget section */
		637C4EBC1CDD1EB300787E88 /* AudioPLayer */ = {
			isa = PBXNativeTarget;
			buildConfigurationList = 637C4ED21CDD1EB400787E88 /* Build configuration list for PBXNativeTarget "AudioPLayer" */;
			buildPhases = (
				637C4EB91CDD1EB300787E88 /* Sources */,
				637C4EBA1CDD1EB300787E88 /* Frameworks */,
				637C4EBB1CDD1EB300787E88 /* Resources */,
			);
			buildRules = (
			);
			dependencies = (
			);
			name = AudioPLayer;
			productName = AudioPLayer;
			productReference = 637C4EBD1CDD1EB300787E88 /* AudioPLayer.app */;
			productType = "com.apple.product-type.application";
		};
/* End PBXNativeTarget section */

/* Begin PBXProject section */
		637C4EB51CDD1EB300787E88 /* Project object */ = {
			isa = PBXProject;
			attributes = {
				LastSwiftUpdateCheck = 0730;
				LastUpgradeCheck = 0730;
				ORGANIZATIONNAME = "Miguel Benavente Valdés";
				TargetAttributes = {
					637C4EBC1CDD1EB300787E88 = {
						CreatedOnToolsVersion = 7.3;
						DevelopmentTeam = 93DCRRL9F7;
					};
				};
			};
			buildConfigurationList = 637C4EB81CDD1EB300787E88 /* Build configuration list for PBXProject "AudioPLayer" */;
			compatibilityVersion = "Xcode 3.2";
			developmentRegion = English;
			hasScannedForEncodings = 0;
			knownRegions = (
				en,
				Base,
			);
			mainGroup = 637C4EB41CDD1EB300787E88;
			productRefGroup = 637C4EBE1CDD1EB300787E88 /* Products */;
			projectDirPath = "";
			projectRoot = "";
			targets = (
				637C4EBC1CDD1EB300787E88 /* AudioPLayer */,
			);
		};
/* End PBXProject section */

/* Begin PBXResourcesBuildPhase section */
		637C4EBB1CDD1EB300787E88 /* Resources */ = {
			isa = PBXResourcesBuildPhase;
			buildActionMask = 2147483647;
			files = (
				637C4ECE1CDD1EB400787E88 /* LaunchScreen.storyboard in Resources */,
				637C4ECB1CDD1EB400787E88 /* Assets.xcassets in Resources */,
				637C4EC61CDD1EB400787E88 /* Main.storyboard in Resources */,
			);
			runOnlyForDeploymentPostprocessing = 0;
		};
/* End PBXResourcesBuildPhase section */

/* Begin PBXSourcesBuildPhase section */
		637C4EB91CDD1EB300787E88 /* Sources */ = {
			isa = PBXSourcesBuildPhase;
			buildActionMask = 2147483647;
			files = (
				637C4EC31CDD1EB400787E88 /* ViewController.swift in Sources */,
				637C4EC91CDD1EB400787E88 /* AudioPLayer.xcdatamodeld in Sources */,
				637C4EC11CDD1EB400787E88 /* AppDelegate.swift in Sources */,
			);
			runOnlyForDeploymentPostprocessing = 0;
		};
/* End PBXSourcesBuildPhase section */

/* Begin PBXVariantGroup section */
		637C4EC41CDD1EB400787E88 /* Main.storyboard */ = {
			isa = PBXVariantGroup;
			children = (
				637C4EC51CDD1EB400787E88 /* Base */,
			);
			name = Main.storyboard;
			sourceTree = "<group>";
		};
		637C4ECC1CDD1EB400787E88 /* LaunchScreen.storyboard */ = {
			isa = PBXVariantGroup;
			children = (
				637C4ECD1CDD1EB400787E88 /* Base */,
			);
			name = LaunchScreen.storyboard;
			sourceTree = "<group>";
		};
/* End PBXVariantGroup section */

/* Begin XCBuildConfiguration section */
		637C4ED01CDD1EB400787E88 /* Debug */ = {
			isa = XCBuildConfiguration;
			buildSettings = {
				ALWAYS_SEARCH_USER_PATHS = NO;
				CLANG_ANALYZER_NONNULL = YES;
				CLANG_CXX_LANGUAGE_STANDARD = "gnu++0x";
				CLANG_CXX_LIBRARY = "libc++";
				CLANG_ENABLE_MODULES = YES;
				CLANG_ENABLE_OBJC_ARC = YES;
				CLANG_WARN_BOOL_CONVERSION = YES;
				CLANG_WARN_CONSTANT_CONVERSION = YES;
				CLANG_WARN_DIRECT_OBJC_ISA_USAGE = YES_ERROR;
				CLANG_WARN_EMPTY_BODY = YES;
				CLANG_WARN_ENUM_CONVERSION = YES;
				CLANG_WARN_INT_CONVERSION = YES;
				CLANG_WARN_OBJC_ROOT_CLASS = YES_ERROR;
				CLANG_WARN_UNREACHABLE_CODE = YES;
				CLANG_WARN__DUPLICATE_METHOD_MATCH = YES;
				"CODE_SIGN_IDENTITY[sdk=iphoneos*]" = "iPhone Developer";
				COPY_PHASE_STRIP = NO;
				DEBUG_INFORMATION_FORMAT = dwarf;
				ENABLE_STRICT_OBJC_MSGSEND = YES;
				ENABLE_TESTABILITY = YES;
				GCC_C_LANGUAGE_STANDARD = gnu99;
				GCC_DYNAMIC_NO_PIC = NO;
				GCC_NO_COMMON_BLOCKS = YES;
				GCC_OPTIMIZATION_LEVEL = 0;
				GCC_PREPROCESSOR_DEFINITIONS = (
					"DEBUG=1",
					"$(inherited)",
				);
				GCC_WARN_64_TO_32_BIT_CONVERSION = YES;
				GCC_WARN_ABOUT_RETURN_TYPE = YES_ERROR;
				GCC_WARN_UNDECLARED_SELECTOR = YES;
				GCC_WARN_UNINITIALIZED_AUTOS = YES_AGGRESSIVE;
				GCC_WARN_UNUSED_FUNCTION = YES;
				GCC_WARN_UNUSED_VARIABLE = YES;
				IPHONEOS_DEPLOYMENT_TARGET = 9.3;
				MTL_ENABLE_DEBUG_INFO = YES;
				ONLY_ACTIVE_ARCH = YES;
				SDKROOT = iphoneos;
				SWIFT_OPTIMIZATION_LEVEL = "-Onone";
			};
			name = Debug;
		};
		637C4ED11CDD1EB400787E88 /* Release */ = {
			isa = XCBuildConfiguration;
			buildSettings = {
				ALWAYS_SEARCH_USER_PATHS = NO;
				CLANG_ANALYZER_NONNULL = YES;
				CLANG_CXX_LANGUAGE_STANDARD = "gnu++0x";
				CLANG_CXX_LIBRARY = "libc++";
				CLANG_ENABLE_MODULES = YES;
				CLANG_ENABLE_OBJC_ARC = YES;
				CLANG_WARN_BOOL_CONVERSION = YES;
				CLANG_WARN_CONSTANT_CONVERSION = YES;
				CLANG_WARN_DIRECT_OBJC_ISA_USAGE = YES_ERROR;
				CLANG_WARN_EMPTY_BODY = YES;
				CLANG_WARN_ENUM_CONVERSION = YES;
				CLANG_WARN_INT_CONVERSION = YES;
				CLANG_WARN_OBJC_ROOT_CLASS = YES_ERROR;
				CLANG_WARN_UNREACHABLE_CODE = YES;
				CLANG_WARN__DUPLICATE_METHOD_MATCH = YES;
				"CODE_SIGN_IDENTITY[sdk=iphoneos*]" = "iPhone Developer";
				COPY_PHASE_STRIP = NO;
				DEBUG_INFORMATION_FORMAT = "dwarf-with-dsym";
				ENABLE_NS_ASSERTIONS = NO;
				ENABLE_STRICT_OBJC_MSGSEND = YES;
				GCC_C_LANGUAGE_STANDARD = gnu99;
				GCC_NO_COMMON_BLOCKS = YES;
				GCC_WARN_64_TO_32_BIT_CONVERSION = YES;
				GCC_WARN_ABOUT_RETURN_TYPE = YES_ERROR;
				GCC_WARN_UNDECLARED_SELECTOR = YES;
				GCC_WARN_UNINITIALIZED_AUTOS = YES_AGGRESSIVE;
				GCC_WARN_UNUSED_FUNCTION = YES;
				GCC_WARN_UNUSED_VARIABLE = YES;
				IPHONEOS_DEPLOYMENT_TARGET = 9.3;
				MTL_ENABLE_DEBUG_INFO = NO;
				SDKROOT = iphoneos;
				VALIDATE_PRODUCT = YES;
			};
			name = Release;
		};
		637C4ED31CDD1EB400787E88 /* Debug */ = {
			isa = XCBuildConfiguration;
			buildSettings = {
				ASSETCATALOG_COMPILER_APPICON_NAME = AppIcon;
				INFOPLIST_FILE = AudioPLayer/Info.plist;
				LD_RUNPATH_SEARCH_PATHS = "$(inherited) @executable_path/Frameworks";
				PRODUCT_BUNDLE_IDENTIFIER = mbenaventev.AudioPLayer;
				PRODUCT_NAME = "$(TARGET_NAME)";
			};
			name = Debug;
		};
		637C4ED41CDD1EB400787E88 /* Release */ = {
			isa = XCBuildConfiguration;
			buildSettings = {
				ASSETCATALOG_COMPILER_APPICON_NAME = AppIcon;
				INFOPLIST_FILE = AudioPLayer/Info.plist;
				LD_RUNPATH_SEARCH_PATHS = "$(inherited) @executable_path/Frameworks";
				PRODUCT_BUNDLE_IDENTIFIER = mbenaventev.AudioPLayer;
				PRODUCT_NAME = "$(TARGET_NAME)";
			};
			name = Release;
		};
/* End XCBuildConfiguration section */

/* Begin XCConfigurationList section */
		637C4EB81CDD1EB300787E88 /* Build configuration list for PBXProject "AudioPLayer" */ = {
			isa = XCConfigurationList;
			buildConfigurations = (
				637C4ED01CDD1EB400787E88 /* Debug */,
				637C4ED11CDD1EB400787E88 /* Release */,
			);
			defaultConfigurationIsVisible = 0;
			defaultConfigurationName = Release;
		};
		637C4ED21CDD1EB400787E88 /* Build configuration list for PBXNativeTarget "AudioPLayer" */ = {
			isa = XCConfigurationList;
			buildConfigurations = (
				637C4ED31CDD1EB400787E88 /* Debug */,
				637C4ED41CDD1EB400787E88 /* Release */,
			);
			defaultConfigurationIsVisible = 0;
		};
/* End XCConfigurationList section */

/* Begin XCVersionGroup section */
		637C4EC71CDD1EB400787E88 /* AudioPLayer.xcdatamodeld */ = {
			isa = XCVersionGroup;
			children = (
				637C4EC81CDD1EB400787E88 /* AudioPLayer.xcdatamodel */,
			);
			currentVersion = 637C4EC81CDD1EB400787E88 /* AudioPLayer.xcdatamodel */;
			path = AudioPLayer.xcdatamodeld;
			sourceTree = "<group>";
			versionGroupType = wrapper.xcdatamodel;
		};
/* End XCVersionGroup section */
	};
	rootObject = 637C4EB51CDD1EB300787E88 /* Project object */;
}
